
Microsoft Visual Studio Solution File, Format Version 12.00
# Visual Studio Version 17
VisualStudioVersion = 17.11.35219.272
MinimumVisualStudioVersion = 10.0.40219.1
Project("{FAE04EC0-301F-11D3-BF4B-00C04F79EFBC}") = "TurOgenstvo", "TurOgenstvo\TurOgenstvo.csproj", "{D92EFE8B-C272-4B33-B107-8728F85B2517}"
EndProject
Global
	GlobalSection(SolutionConfigurationPlatforms) = preSolution
		Debug|Any CPU = Debug|Any CPU
		Release|Any CPU = Release|Any CPU
	EndGlobalSection
	GlobalSection(ProjectConfigurationPlatforms) = postSolution
		{D92EFE8B-C272-4B33-B107-8728F85B2517}.Debug|Any CPU.ActiveCfg = Debug|Any CPU
		{D92EFE8B-C272-4B33-B107-8728F85B2517}.Debug|Any CPU.Build.0 = Debug|Any CPU
		{D92EFE8B-C272-4B33-B107-8728F85B2517}.Release|Any CPU.ActiveCfg = Release|Any CPU
		{D92EFE8B-C272-4B33-B107-8728F85B2517}.Release|Any CPU.Build.0 = Release|Any CPU
	EndGlobalSection
	GlobalSection(SolutionProperties) = preSolution
		HideSolutionNode = FALSE
	EndGlobalSection
	GlobalSection(ExtensibilityGlobals) = postSolution
		SolutionGuid = {757166C6-6832-4828-AB36-715B7C036DFB}
	EndGlobalSection
EndGlobal
